
Microsoft Visual Studio Solution File, Format Version 12.00
# Visual Studio Version 16
VisualStudioVersion = 16.0.30114.105
MinimumVisualStudioVersion = 10.0.40219.1
Project("{FAE04EC0-301F-11D3-BF4B-00C04F79EFBC}") = "Chess.Api", "Chess.Api\Chess.Api.csproj", "{22A53792-3F7C-4D64-B488-EDB13C076BBD}"
EndProject
Project("{FAE04EC0-301F-11D3-BF4B-00C04F79EFBC}") = "Chess.Shared.Tests", "Chess.Shared.Tests\Chess.Shared.Tests.csproj", "{C89A48BC-3BFE-4726-88D0-B433DA4D5238}"
EndProject
Project("{FAE04EC0-301F-11D3-BF4B-00C04F79EFBC}") = "Chess.Console", "Chess.Console\Chess.Console.csproj", "{038A267E-D7B7-4EAA-ADBE-6E4A341F2170}"
EndProject
Project("{FAE04EC0-301F-11D3-BF4B-00C04F79EFBC}") = "Chess.Shared", "Chess.Shared\Chess.Shared.csproj", "{8B229613-5297-4615-86A2-6F6ABC16495D}"
EndProject
Project("{FAE04EC0-301F-11D3-BF4B-00C04F79EFBC}") = "Chess.Api.Tests", "Chess.Api.Tests\Chess.Api.Tests.csproj", "{92CCD123-D88C-410E-884B-761232B3A9C2}"
EndProject
Global
	GlobalSection(SolutionConfigurationPlatforms) = preSolution
		Debug|Any CPU = Debug|Any CPU
		Release|Any CPU = Release|Any CPU
	EndGlobalSection
	GlobalSection(SolutionProperties) = preSolution
		HideSolutionNode = FALSE
	EndGlobalSection
	GlobalSection(ProjectConfigurationPlatforms) = postSolution
		{22A53792-3F7C-4D64-B488-EDB13C076BBD}.Debug|Any CPU.ActiveCfg = Debug|Any CPU
		{22A53792-3F7C-4D64-B488-EDB13C076BBD}.Debug|Any CPU.Build.0 = Debug|Any CPU
		{22A53792-3F7C-4D64-B488-EDB13C076BBD}.Release|Any CPU.ActiveCfg = Release|Any CPU
		{22A53792-3F7C-4D64-B488-EDB13C076BBD}.Release|Any CPU.Build.0 = Release|Any CPU
		{C89A48BC-3BFE-4726-88D0-B433DA4D5238}.Debug|Any CPU.ActiveCfg = Debug|Any CPU
		{C89A48BC-3BFE-4726-88D0-B433DA4D5238}.Debug|Any CPU.Build.0 = Debug|Any CPU
		{C89A48BC-3BFE-4726-88D0-B433DA4D5238}.Release|Any CPU.ActiveCfg = Release|Any CPU
		{C89A48BC-3BFE-4726-88D0-B433DA4D5238}.Release|Any CPU.Build.0 = Release|Any CPU
		{038A267E-D7B7-4EAA-ADBE-6E4A341F2170}.Debug|Any CPU.ActiveCfg = Debug|Any CPU
		{038A267E-D7B7-4EAA-ADBE-6E4A341F2170}.Debug|Any CPU.Build.0 = Debug|Any CPU
		{038A267E-D7B7-4EAA-ADBE-6E4A341F2170}.Release|Any CPU.ActiveCfg = Release|Any CPU
		{038A267E-D7B7-4EAA-ADBE-6E4A341F2170}.Release|Any CPU.Build.0 = Release|Any CPU
		{8B229613-5297-4615-86A2-6F6ABC16495D}.Debug|Any CPU.ActiveCfg = Debug|Any CPU
		{8B229613-5297-4615-86A2-6F6ABC16495D}.Debug|Any CPU.Build.0 = Debug|Any CPU
		{8B229613-5297-4615-86A2-6F6ABC16495D}.Release|Any CPU.ActiveCfg = Release|Any CPU
		{8B229613-5297-4615-86A2-6F6ABC16495D}.Release|Any CPU.Build.0 = Release|Any CPU
		{92CCD123-D88C-410E-884B-761232B3A9C2}.Debug|Any CPU.ActiveCfg = Debug|Any CPU
		{92CCD123-D88C-410E-884B-761232B3A9C2}.Debug|Any CPU.Build.0 = Debug|Any CPU
		{92CCD123-D88C-410E-884B-761232B3A9C2}.Release|Any CPU.ActiveCfg = Release|Any CPU
		{92CCD123-D88C-410E-884B-761232B3A9C2}.Release|Any CPU.Build.0 = Release|Any CPU
	EndGlobalSection
	GlobalSection(NestedProjects) = preSolution
	EndGlobalSection
EndGlobal
